
Microsoft Visual Studio Solution File, Format Version 12.00
# Visual Studio Version 17
VisualStudioVersion = 17.0.31903.59
MinimumVisualStudioVersion = 10.0.40219.1
Project("{FAE04EC0-301F-11D3-BF4B-00C04F79EFBC}") = "HALCompression", "HALCompression\HALCompression.csproj", "{1E3D8827-636E-468A-878D-FCD93AF90342}"
EndProject
Project("{FAE04EC0-301F-11D3-BF4B-00C04F79EFBC}") = "TestDecompression", "TestDecompression\TestDecompression.csproj", "{BE9675B2-304C-4AFF-9FAD-4381A6A1DE87}"
EndProject
Project("{FAE04EC0-301F-11D3-BF4B-00C04F79EFBC}") = "StarBright.Game", "StarBright.Game\StarBright.Game.csproj", "{FF626E4F-417B-45AD-9EDA-C686FBE362D8}"
EndProject
Global
	GlobalSection(SolutionConfigurationPlatforms) = preSolution
		Debug|Any CPU = Debug|Any CPU
		Release|Any CPU = Release|Any CPU
	EndGlobalSection
	GlobalSection(ProjectConfigurationPlatforms) = postSolution
		{1E3D8827-636E-468A-878D-FCD93AF90342}.Debug|Any CPU.ActiveCfg = Debug|Any CPU
		{1E3D8827-636E-468A-878D-FCD93AF90342}.Debug|Any CPU.Build.0 = Debug|Any CPU
		{1E3D8827-636E-468A-878D-FCD93AF90342}.Release|Any CPU.ActiveCfg = Release|Any CPU
		{1E3D8827-636E-468A-878D-FCD93AF90342}.Release|Any CPU.Build.0 = Release|Any CPU
		{BE9675B2-304C-4AFF-9FAD-4381A6A1DE87}.Debug|Any CPU.ActiveCfg = Debug|Any CPU
		{BE9675B2-304C-4AFF-9FAD-4381A6A1DE87}.Debug|Any CPU.Build.0 = Debug|Any CPU
		{BE9675B2-304C-4AFF-9FAD-4381A6A1DE87}.Release|Any CPU.ActiveCfg = Release|Any CPU
		{BE9675B2-304C-4AFF-9FAD-4381A6A1DE87}.Release|Any CPU.Build.0 = Release|Any CPU
		{FF626E4F-417B-45AD-9EDA-C686FBE362D8}.Debug|Any CPU.ActiveCfg = Debug|Any CPU
		{FF626E4F-417B-45AD-9EDA-C686FBE362D8}.Debug|Any CPU.Build.0 = Debug|Any CPU
		{FF626E4F-417B-45AD-9EDA-C686FBE362D8}.Release|Any CPU.ActiveCfg = Release|Any CPU
		{FF626E4F-417B-45AD-9EDA-C686FBE362D8}.Release|Any CPU.Build.0 = Release|Any CPU
	EndGlobalSection
	GlobalSection(SolutionProperties) = preSolution
		HideSolutionNode = FALSE
	EndGlobalSection
EndGlobal
